
Microsoft Visual Studio Solution File, Format Version 12.00
Project("{FAE04EC0-301F-11D3-BF4B-00C04F79EFBC}") = "MangaAPI", "MangaAPI\MangaAPI.csproj", "{61DD6CB8-FDE4-44FA-88D9-94FFFA38C186}"
EndProject
Project("{FAE04EC0-301F-11D3-BF4B-00C04F79EFBC}") = "MangaAPI.Tests.", "MangaAPI.Tests\MangaAPI.Tests..csproj", "{654DF231-38A8-4528-8E69-6ADD6FA68332}"
EndProject
Global
	GlobalSection(SolutionConfigurationPlatforms) = preSolution
		Debug|Any CPU = Debug|Any CPU
		Release|Any CPU = Release|Any CPU
	EndGlobalSection
	GlobalSection(ProjectConfigurationPlatforms) = postSolution
		{61DD6CB8-FDE4-44FA-88D9-94FFFA38C186}.Debug|Any CPU.ActiveCfg = Debug|Any CPU
		{61DD6CB8-FDE4-44FA-88D9-94FFFA38C186}.Debug|Any CPU.Build.0 = Debug|Any CPU
		{61DD6CB8-FDE4-44FA-88D9-94FFFA38C186}.Release|Any CPU.ActiveCfg = Release|Any CPU
		{61DD6CB8-FDE4-44FA-88D9-94FFFA38C186}.Release|Any CPU.Build.0 = Release|Any CPU
		{654DF231-38A8-4528-8E69-6ADD6FA68332}.Debug|Any CPU.ActiveCfg = Debug|Any CPU
		{654DF231-38A8-4528-8E69-6ADD6FA68332}.Debug|Any CPU.Build.0 = Debug|Any CPU
		{654DF231-38A8-4528-8E69-6ADD6FA68332}.Release|Any CPU.ActiveCfg = Release|Any CPU
		{654DF231-38A8-4528-8E69-6ADD6FA68332}.Release|Any CPU.Build.0 = Release|Any CPU
	EndGlobalSection
EndGlobal
